
Microsoft Visual Studio Solution File, Format Version 12.00
# Visual Studio Version 17
VisualStudioVersion = 17.4.33110.190
MinimumVisualStudioVersion = 10.0.40219.1
Project("{FAE04EC0-301F-11D3-BF4B-00C04F79EFBC}") = "TestProject", "TestProject\TestProject.csproj", "{38562CA6-3D0B-4718-A00D-F3682256E776}"
EndProject
Global
	GlobalSection(SolutionConfigurationPlatforms) = preSolution
		Debug|Any CPU = Debug|Any CPU
		Release|Any CPU = Release|Any CPU
	EndGlobalSection
	GlobalSection(ProjectConfigurationPlatforms) = postSolution
		{38562CA6-3D0B-4718-A00D-F3682256E776}.Debug|Any CPU.ActiveCfg = Debug|Any CPU
		{38562CA6-3D0B-4718-A00D-F3682256E776}.Debug|Any CPU.Build.0 = Debug|Any CPU
		{38562CA6-3D0B-4718-A00D-F3682256E776}.Release|Any CPU.ActiveCfg = Release|Any CPU
		{38562CA6-3D0B-4718-A00D-F3682256E776}.Release|Any CPU.Build.0 = Release|Any CPU
	EndGlobalSection
	GlobalSection(SolutionProperties) = preSolution
		HideSolutionNode = FALSE
	EndGlobalSection
	GlobalSection(ExtensibilityGlobals) = postSolution
		SolutionGuid = {174011AA-83AC-4B6D-AF2A-24E7D0045061}
	EndGlobalSection
EndGlobal
